Microsoft Visual Studio Solution File, Format Version 12.00
Project("{FAE04EC0-301F-11D3-BF4B-00C04F79EFBC}") = "CS2MultiplayerMod", "CS2MultiplayerMod\CS2MultiplayerMod.csproj", "{AE86D248-4706-49D6-BC64-1766D1C829A2}"
EndProject
Project("{FAE04EC0-301F-11D3-BF4B-00C04F79EFBC}") = "CS2MultiplayerMod.Steam", "CS2MultiplayerMod.Steam\CS2MultiplayerMod.Steam.csproj", "{6C1F0B3E-9C7A-4F1D-9E52-5B8D0A2F7C41}"
	ProjectSection(ProjectDependencies) = postProject
		{AE86D248-4706-49D6-BC64-1766D1C829A2} = {AE86D248-4706-49D6-BC64-1766D1C829A2}
	EndProjectSection
EndProject
Global
	GlobalSection(SolutionConfigurationPlatforms) = preSolution
		Debug|Any CPU = Debug|Any CPU
		Release|Any CPU = Release|Any CPU
	EndGlobalSection
	GlobalSection(ProjectConfigurationPlatforms) = postSolution
		{AE86D248-4706-49D6-BC64-1766D1C829A2}.Debug|Any CPU.ActiveCfg = Debug|Any CPU
		{AE86D248-4706-49D6-BC64-1766D1C829A2}.Debug|Any CPU.Build.0 = Debug|Any CPU
		{AE86D248-4706-49D6-BC64-1766D1C829A2}.Release|Any CPU.ActiveCfg = Release|Any CPU
		{AE86D248-4706-49D6-BC64-1766D1C829A2}.Release|Any CPU.Build.0 = Release|Any CPU
		{6C1F0B3E-9C7A-4F1D-9E52-5B8D0A2F7C41}.Debug|Any CPU.ActiveCfg = Debug|Any CPU
		{6C1F0B3E-9C7A-4F1D-9E52-5B8D0A2F7C41}.Debug|Any CPU.Build.0 = Debug|Any CPU
		{6C1F0B3E-9C7A-4F1D-9E52-5B8D0A2F7C41}.Release|Any CPU.ActiveCfg = Release|Any CPU
		{6C1F0B3E-9C7A-4F1D-9E52-5B8D0A2F7C41}.Release|Any CPU.Build.0 = Release|Any CPU
	EndGlobalSection
EndGlobal
